<Solution>
  <Folder Name="/src/">
    <Project Path="src/MechanicShop.Api/MechanicShop.Api.csproj" />
    <Project Path="src/MechanicShop.Application/MechanicShop.Application.csproj" />
    <Project Path="src/MechanicShop.Client/MechanicShop.Client.csproj" />
    <Project Path="src/MechanicShop.Contracts/MechanicShop.Contracts.csproj" />
    <Project Path="src/MechanicShop.Domain/MechanicShop.Domain.csproj" />
    <Project Path="src/MechanicShop.infrastructure/MechanicShop.infrastructure.csproj" />
  </Folder>
</Solution>
