<Solution>
  <Folder Name="/src/">
    <Project Path="src/MechanicShop.Api/MechanicShop.Api.csproj" />
    <Project Path="src/MechanicShop.Application/MechanicShop.Application.csproj" />
    <Project Path="src/MechanicShop.Client/MechanicShop.Client.csproj" />
    <Project Path="src/MechanicShop.Contracts/MechanicShop.Contracts.csproj" />
    <Project Path="src/MechanicShop.Domain/MechanicShop.Domain.csproj" />
    <Project Path="src/MechanicShop.infrastructure/MechanicShop.infrastructure.csproj" />
  </Folder>
  <Folder Name="/tests/">
    <Project Path="tests/MechanicShop.Api.IntegrationTests/MechanicShop.Api.IntegrationTests.csproj" />
    <Project Path="tests/MechanicShop.Application.SubcutaneousTests/MechanicShop.Application.SubcutaneousTests.csproj" />
    <Project Path="tests/MechanicShop.Application.UnitTests/MechanicShop.Application.UnitTests.csproj" />
    <Project Path="tests/MechanicShop.Domain.UnitTests/MechanicShop.Domain.UnitTests.csproj" />
    <Project Path="tests/MechanicShop.Tests.Common/MechanicShop.Tests.Common.csproj" />
  </Folder>
</Solution>
